Microsoft Visual Studio Solution File, Format Version 12.00
# Visual Studio Version 16
VisualStudioVersion = 16.0.29215.179
MinimumVisualStudioVersion = 10.0.40219.1
Project("{FAE04EC0-301F-11D3-BF4B-00C04F79EFBC}") = "WindowsApplication2", "WindowsApplication2.csproj", "{27AF891F-77DB-4B13-86DB-C8742854BED8}"
EndProject
Global
	GlobalSection(SolutionConfigurationPlatforms) = preSolution
		Debug|Any CPU = Debug|Any CPU
		Release|Any CPU = Release|Any CPU
	EndGlobalSection
	GlobalSection(ProjectConfigurationPlatforms) = postSolution
		{27AF891F-77DB-4B13-86DB-C8742854BED8}.Debug|Any CPU.ActiveCfg = Debug|Any CPU
		{27AF891F-77DB-4B13-86DB-C8742854BED8}.Debug|Any CPU.Build.0 = Debug|Any CPU
		{27AF891F-77DB-4B13-86DB-C8742854BED8}.Release|Any CPU.ActiveCfg = Release|Any CPU
		{27AF891F-77DB-4B13-86DB-C8742854BED8}.Release|Any CPU.Build.0 = Release|Any CPU
	EndGlobalSection
	GlobalSection(SolutionProperties) = preSolution
		HideSolutionNode = FALSE
	EndGlobalSection
	GlobalSection(ExtensibilityGlobals) = postSolution
		SolutionGuid = {66088631-4013-4128-B03A-9487FA3A6ADC}
	EndGlobalSection
EndGlobal
